
Microsoft Visual Studio Solution File, Format Version 12.00
# Visual Studio Version 16
VisualStudioVersion = 16.0.31729.503
MinimumVisualStudioVersion = 10.0.40219.1
Project("{FAE04EC0-301F-11D3-BF4B-00C04F79EFBC}") = "Heranca", "Heranca\Heranca.csproj", "{388D6D0A-F3A5-462F-B2B4-486EB9DF0FE9}"
EndProject
Global
	GlobalSection(SolutionConfigurationPlatforms) = preSolution
		Debug|Any CPU = Debug|Any CPU
		Release|Any CPU = Release|Any CPU
	EndGlobalSection
	GlobalSection(ProjectConfigurationPlatforms) = postSolution
		{388D6D0A-F3A5-462F-B2B4-486EB9DF0FE9}.Debug|Any CPU.ActiveCfg = Debug|Any CPU
		{388D6D0A-F3A5-462F-B2B4-486EB9DF0FE9}.Debug|Any CPU.Build.0 = Debug|Any CPU
		{388D6D0A-F3A5-462F-B2B4-486EB9DF0FE9}.Release|Any CPU.ActiveCfg = Release|Any CPU
		{388D6D0A-F3A5-462F-B2B4-486EB9DF0FE9}.Release|Any CPU.Build.0 = Release|Any CPU
	EndGlobalSection
	GlobalSection(SolutionProperties) = preSolution
		HideSolutionNode = FALSE
	EndGlobalSection
	GlobalSection(ExtensibilityGlobals) = postSolution
		SolutionGuid = {15BE3D66-FC67-4BCC-BFA4-2EC8DB2BA7CC}
	EndGlobalSection
EndGlobal
